// !$*UTF8*$!
{
	archiveVersion = 1;
	classes = {
	};
	objectVersion = 51;
	objects = {

/* Begin PBXBuildFile section */
		020AC84D27224C68000561C5 /* ResultViewPresenter.swift in Sources */ = {isa = PBXBuildFile; fileRef = 020AC84C27224C68000561C5 /* ResultViewPresenter.swift */; };
		020AC84F27225408000561C5 /* MyWordViewPresenter.swift in Sources */ = {isa = PBXBuildFile; fileRef = 020AC84E27225408000561C5 /* MyWordViewPresenter.swift */; };
		021C3CCE269992CD001BAADF /* EASY0.mp3 in Resources */ = {isa = PBXBuildFile; fileRef = 021C3CCD269992CD001BAADF /* EASY0.mp3 */; };
		021C3CD02699937A001BAADF /* EASY1.mp3 in Resources */ = {isa = PBXBuildFile; fileRef = 021C3CCF26999379001BAADF /* EASY1.mp3 */; };
		021C3CD326999470001BAADF /* NORMAL0.mp3 in Resources */ = {isa = PBXBuildFile; fileRef = 021C3CD126999470001BAADF /* NORMAL0.mp3 */; };
		021C3CD426999470001BAADF /* NORMAL1.mp3 in Resources */ = {isa = PBXBuildFile; fileRef = 021C3CD226999470001BAADF /* NORMAL1.mp3 */; };
		021C3CD7269994DC001BAADF /* HARD0.mp3 in Resources */ = {isa = PBXBuildFile; fileRef = 021C3CD5269994DC001BAADF /* HARD0.mp3 */; };
		021C3CD8269994DC001BAADF /* HARD1.mp3 in Resources */ = {isa = PBXBuildFile; fileRef = 021C3CD6269994DC001BAADF /* HARD1.mp3 */; };
		0227AAD5271E5A7A000C66FA /* DictDataManager.swift in Sources */ = {isa = PBXBuildFile; fileRef = 0227AAD4271E5A7A000C66FA /* DictDataManager.swift */; };
		0227AAD7271EF28D000C66FA /* TimeManager.swift in Sources */ = {isa = PBXBuildFile; fileRef = 0227AAD6271EF28D000C66FA /* TimeManager.swift */; };
		0227AADA271EF822000C66FA /* GameViewPresenter.swift in Sources */ = {isa = PBXBuildFile; fileRef = 0227AAD9271EF822000C66FA /* GameViewPresenter.swift */; };
		0227AADC271FEE33000C66FA /* String.swift in Sources */ = {isa = PBXBuildFile; fileRef = 0227AADB271FEE33000C66FA /* String.swift */; };
		0227AADE27201342000C66FA /* GameModel.swift in Sources */ = {isa = PBXBuildFile; fileRef = 0227AADD27201342000C66FA /* GameModel.swift */; };
		0227AAE0272055D9000C66FA /* EnemyModel.swift in Sources */ = {isa = PBXBuildFile; fileRef = 0227AADF272055D9000C66FA /* EnemyModel.swift */; };
		022867F4271A8B3400B064FF /* UsedWordView.swift in Sources */ = {isa = PBXBuildFile; fileRef = 022867F3271A8B3400B064FF /* UsedWordView.swift */; };
		022867F8271A8BE500B064FF /* HeaderView.swift in Sources */ = {isa = PBXBuildFile; fileRef = 022867F7271A8BE500B064FF /* HeaderView.swift */; };
		022867FA271A8C8D00B064FF /* WordTableViewCell.swift in Sources */ = {isa = PBXBuildFile; fileRef = 022867F9271A8C8D00B064FF /* WordTableViewCell.swift */; };
		02286800271B096D00B064FF /* UsedWordViewController.swift in Sources */ = {isa = PBXBuildFile; fileRef = 022867FF271B096D00B064FF /* UsedWordViewController.swift */; };
		02286803271B19CD00B064FF /* RuleView.swift in Sources */ = {isa = PBXBuildFile; fileRef = 02286802271B19CD00B064FF /* RuleView.swift */; };
		02286807271B280700B064FF /* MyWordView.swift in Sources */ = {isa = PBXBuildFile; fileRef = 02286806271B280700B064FF /* MyWordView.swift */; };
		0228680A271B291600B064FF /* MyWordTableViewCell.swift in Sources */ = {isa = PBXBuildFile; fileRef = 02286809271B291600B064FF /* MyWordTableViewCell.swift */; };
		02323FF4271BC29B00333C7C /* WordDetailView.swift in Sources */ = {isa = PBXBuildFile; fileRef = 02323FF3271BC29B00333C7C /* WordDetailView.swift */; };
		02323FF8271BC5EE00333C7C /* BodyScrollView.swift in Sources */ = {isa = PBXBuildFile; fileRef = 02323FF7271BC5EE00333C7C /* BodyScrollView.swift */; };
		02323FFC271BF30300333C7C /* RankingView.swift in Sources */ = {isa = PBXBuildFile; fileRef = 02323FFB271BF30300333C7C /* RankingView.swift */; };
		02323FFF271BF78D00333C7C /* ModeSelectViewController.swift in Sources */ = {isa = PBXBuildFile; fileRef = 02323FFE271BF78D00333C7C /* ModeSelectViewController.swift */; };
		02324001271BF7B200333C7C /* GameViewController.swift in Sources */ = {isa = PBXBuildFile; fileRef = 02324000271BF7B200333C7C /* GameViewController.swift */; };
		02324003271BF7C200333C7C /* ResultViewController.swift in Sources */ = {isa = PBXBuildFile; fileRef = 02324002271BF7C200333C7C /* ResultViewController.swift */; };
		02324005271BF83300333C7C /* RuleViewController.swift in Sources */ = {isa = PBXBuildFile; fileRef = 02324004271BF83300333C7C /* RuleViewController.swift */; };
		02324007271BF84000333C7C /* MyWordViewController.swift in Sources */ = {isa = PBXBuildFile; fileRef = 02324006271BF84000333C7C /* MyWordViewController.swift */; };
		02324009271BF85000333C7C /* WordDetailViewController.swift in Sources */ = {isa = PBXBuildFile; fileRef = 02324008271BF85000333C7C /* WordDetailViewController.swift */; };
		0232400B271BF86100333C7C /* RankingViewController.swift in Sources */ = {isa = PBXBuildFile; fileRef = 0232400A271BF86100333C7C /* RankingViewController.swift */; };
		0232400D271C002400333C7C /* ResultButtonView.swift in Sources */ = {isa = PBXBuildFile; fileRef = 0232400C271C002400333C7C /* ResultButtonView.swift */; };
		0232400F271C1B7000333C7C /* UIViewController.swift in Sources */ = {isa = PBXBuildFile; fileRef = 0232400E271C1B7000333C7C /* UIViewController.swift */; };
		02500B992714762D00F3B7E8 /* Constants.swift in Sources */ = {isa = PBXBuildFile; fileRef = 02500B982714762D00F3B7E8 /* Constants.swift */; };
		02500B9B27147E6F00F3B7E8 /* UIStackView.swift in Sources */ = {isa = PBXBuildFile; fileRef = 02500B9A27147E6F00F3B7E8 /* UIStackView.swift */; };
		025AE9FB2680F3270039DF56 /* DotGothic16-Regular.ttf in Resources */ = {isa = PBXBuildFile; fileRef = 025AE9F92680F3260039DF56 /* DotGothic16-Regular.ttf */; };
		025EF86E26A7703800C6F9C7 /* ejdict.sqlite3 in Resources */ = {isa = PBXBuildFile; fileRef = 025EF86D26A7703800C6F9C7 /* ejdict.sqlite3 */; };
		026923682723C0B30085341E /* UIImageView.swift in Sources */ = {isa = PBXBuildFile; fileRef = 026923672723C0B30085341E /* UIImageView.swift */; };
		0269236A2723E8C10085341E /* SoundPlayer.swift in Sources */ = {isa = PBXBuildFile; fileRef = 026923692723E8C10085341E /* SoundPlayer.swift */; };
		0269236C2723ECA90085341E /* HomeViewPresenter.swift in Sources */ = {isa = PBXBuildFile; fileRef = 0269236B2723ECA90085341E /* HomeViewPresenter.swift */; };
		02818B2126876983000A40C2 /* damage.mp3 in Resources */ = {isa = PBXBuildFile; fileRef = 02818B2026876983000A40C2 /* damage.mp3 */; };
		02818B2326876D2E000A40C2 /* heal.mp3 in Resources */ = {isa = PBXBuildFile; fileRef = 02818B2226876D2E000A40C2 /* heal.mp3 */; };
		02818B2726876D48000A40C2 /* opening.mp3 in Resources */ = {isa = PBXBuildFile; fileRef = 02818B2426876D47000A40C2 /* opening.mp3 */; };
		02818B2826876D48000A40C2 /* battle.mp3 in Resources */ = {isa = PBXBuildFile; fileRef = 02818B2526876D47000A40C2 /* battle.mp3 */; };
		02818B2926876D48000A40C2 /* push.mp3 in Resources */ = {isa = PBXBuildFile; fileRef = 02818B2626876D47000A40C2 /* push.mp3 */; };
		0283557B263F9306008B6845 /* AppDelegate.swift in Sources */ = {isa = PBXBuildFile; fileRef = 0283557A263F9306008B6845 /* AppDelegate.swift */; };
		0283557D263F9306008B6845 /* SceneDelegate.swift in Sources */ = {isa = PBXBuildFile; fileRef = 0283557C263F9306008B6845 /* SceneDelegate.swift */; };
		02835584263F9307008B6845 /* Assets.xcassets in Resources */ = {isa = PBXBuildFile; fileRef = 02835583263F9307008B6845 /* Assets.xcassets */; };
		02835587263F9307008B6845 /* LaunchScreen.storyboard in Resources */ = {isa = PBXBuildFile; fileRef = 02835585263F9307008B6845 /* LaunchScreen.storyboard */; };
		029A763C2715D96C000EA6B4 /* ModeSelectView.swift in Sources */ = {isa = PBXBuildFile; fileRef = 029A763B2715D96C000EA6B4 /* ModeSelectView.swift */; };
		029A763E2715DB22000EA6B4 /* ModeButtonView.swift in Sources */ = {isa = PBXBuildFile; fileRef = 029A763D2715DB22000EA6B4 /* ModeButtonView.swift */; };
		029A76402715DC92000EA6B4 /* ModeButton.swift in Sources */ = {isa = PBXBuildFile; fileRef = 029A763F2715DC92000EA6B4 /* ModeButton.swift */; };
		02C14170271823FB00A2868E /* GameView.swift in Sources */ = {isa = PBXBuildFile; fileRef = 02C1416F271823FB00A2868E /* GameView.swift */; };
		02C14174271826C400A2868E /* HPView.swift in Sources */ = {isa = PBXBuildFile; fileRef = 02C14173271826C400A2868E /* HPView.swift */; };
		02C14176271826D200A2868E /* EnemyView.swift in Sources */ = {isa = PBXBuildFile; fileRef = 02C14175271826D200A2868E /* EnemyView.swift */; };
		02C141782718287500A2868E /* InputView.swift in Sources */ = {isa = PBXBuildFile; fileRef = 02C141772718287500A2868E /* InputView.swift */; };
		02C1417B27182F2300A2868E /* Background.swift in Sources */ = {isa = PBXBuildFile; fileRef = 02C1417A27182F2300A2868E /* Background.swift */; };
		02C1417D2718655A00A2868E /* BackButton.swift in Sources */ = {isa = PBXBuildFile; fileRef = 02C1417C2718655A00A2868E /* BackButton.swift */; };
		02C7C2E02720FE5400FDFE1A /* WordDataManager.swift in Sources */ = {isa = PBXBuildFile; fileRef = 02C7C2DF2720FE5400FDFE1A /* WordDataManager.swift */; };
		02C7C2E227212DAA00FDFE1A /* UsedWordViewPresenter.swift in Sources */ = {isa = PBXBuildFile; fileRef = 02C7C2E127212DAA00FDFE1A /* UsedWordViewPresenter.swift */; };
		02F222422712CE3700A71175 /* HomeViewController.swift in Sources */ = {isa = PBXBuildFile; fileRef = 02F222412712CE3700A71175 /* HomeViewController.swift */; };
		02F222452712D03A00A71175 /* UIView.swift in Sources */ = {isa = PBXBuildFile; fileRef = 02F222442712D03A00A71175 /* UIView.swift */; };
		02F222472712D10B00A71175 /* HomeView.swift in Sources */ = {isa = PBXBuildFile; fileRef = 02F222462712D10B00A71175 /* HomeView.swift */; };
		02F2224A2712D43000A71175 /* HomeTitleView.swift in Sources */ = {isa = PBXBuildFile; fileRef = 02F222492712D43000A71175 /* HomeTitleView.swift */; };
		02F2224C2712D45300A71175 /* HomeButtonView.swift in Sources */ = {isa = PBXBuildFile; fileRef = 02F2224B2712D45300A71175 /* HomeButtonView.swift */; };
		02F2224E2712D48C00A71175 /* BottomButtonView.swift in Sources */ = {isa = PBXBuildFile; fileRef = 02F2224D2712D48C00A71175 /* BottomButtonView.swift */; };
		02F82A1F2719BEB1005F3F28 /* ResultView.swift in Sources */ = {isa = PBXBuildFile; fileRef = 02F82A1E2719BEB1005F3F28 /* ResultView.swift */; };
		02F82A212719BF7C005F3F28 /* ResultTitleView.swift in Sources */ = {isa = PBXBuildFile; fileRef = 02F82A202719BF7C005F3F28 /* ResultTitleView.swift */; };
		02F82A232719C7B8005F3F28 /* ResultImageView.swift in Sources */ = {isa = PBXBuildFile; fileRef = 02F82A222719C7B8005F3F28 /* ResultImageView.swift */; };
		02F82A252719CBA7005F3F28 /* SelectButton.swift in Sources */ = {isa = PBXBuildFile; fileRef = 02F82A242719CBA7005F3F28 /* SelectButton.swift */; };
		02FA25FE268B56DC00118BD8 /* lose.mp3 in Resources */ = {isa = PBXBuildFile; fileRef = 02FA25FC268B56DC00118BD8 /* lose.mp3 */; };
		02FA25FF268B56DC00118BD8 /* win.mp3 in Resources */ = {isa = PBXBuildFile; fileRef = 02FA25FD268B56DC00118BD8 /* win.mp3 */; };
		7AEEF2D0913785061BEBFE39 /* Pods_Shiritori.framework in Frameworks */ = {isa = PBXBuildFile; fileRef = 6A1A81E1F247FC4145C458E7 /* Pods_Shiritori.framework */; };
/* End PBXBuildFile section */

/* Begin PBXFileReference section */
		020AC84C27224C68000561C5 /* ResultViewPresenter.swift */ = {isa = PBXFileReference; lastKnownFileType = sourcecode.swift; path = ResultViewPresenter.swift; sourceTree = "<group>"; };
		020AC84E27225408000561C5 /* MyWordViewPresenter.swift */ = {isa = PBXFileReference; lastKnownFileType = sourcecode.swift; path = MyWordViewPresenter.swift; sourceTree = "<group>"; };
		021C3CCD269992CD001BAADF /* EASY0.mp3 */ = {isa = PBXFileReference; lastKnownFileType = audio.mp3; path = EASY0.mp3; sourceTree = "<group>"; };
		021C3CCF26999379001BAADF /* EASY1.mp3 */ = {isa = PBXFileReference; lastKnownFileType = audio.mp3; path = EASY1.mp3; sourceTree = "<group>"; };
		021C3CD126999470001BAADF /* NORMAL0.mp3 */ = {isa = PBXFileReference; lastKnownFileType = audio.mp3; path = NORMAL0.mp3; sourceTree = "<group>"; };
		021C3CD226999470001BAADF /* NORMAL1.mp3 */ = {isa = PBXFileReference; lastKnownFileType = audio.mp3; path = NORMAL1.mp3; sourceTree = "<group>"; };
		021C3CD5269994DC001BAADF /* HARD0.mp3 */ = {isa = PBXFileReference; lastKnownFileType = audio.mp3; path = HARD0.mp3; sourceTree = "<group>"; };
		021C3CD6269994DC001BAADF /* HARD1.mp3 */ = {isa = PBXFileReference; lastKnownFileType = audio.mp3; path = HARD1.mp3; sourceTree = "<group>"; };
		0227AAD4271E5A7A000C66FA /* DictDataManager.swift */ = {isa = PBXFileReference; lastKnownFileType = sourcecode.swift; path = DictDataManager.swift; sourceTree = "<group>"; };
		0227AAD6271EF28D000C66FA /* TimeManager.swift */ = {isa = PBXFileReference; lastKnownFileType = sourcecode.swift; path = TimeManager.swift; sourceTree = "<group>"; };
		0227AAD9271EF822000C66FA /* GameViewPresenter.swift */ = {isa = PBXFileReference; lastKnownFileType = sourcecode.swift; path = GameViewPresenter.swift; sourceTree = "<group>"; };
		0227AADB271FEE33000C66FA /* String.swift */ = {isa = PBXFileReference; lastKnownFileType = sourcecode.swift; path = String.swift; sourceTree = "<group>"; };
		0227AADD27201342000C66FA /* GameModel.swift */ = {isa = PBXFileReference; lastKnownFileType = sourcecode.swift; path = GameModel.swift; sourceTree = "<group>"; };
		0227AADF272055D9000C66FA /* EnemyModel.swift */ = {isa = PBXFileReference; lastKnownFileType = sourcecode.swift; path = EnemyModel.swift; sourceTree = "<group>"; };
		022867F3271A8B3400B064FF /* UsedWordView.swift */ = {isa = PBXFileReference; lastKnownFileType = sourcecode.swift; path = UsedWordView.swift; sourceTree = "<group>"; };
		022867F7271A8BE500B064FF /* HeaderView.swift */ = {isa = PBXFileReference; lastKnownFileType = sourcecode.swift; path = HeaderView.swift; sourceTree = "<group>"; };
		022867F9271A8C8D00B064FF /* WordTableViewCell.swift */ = {isa = PBXFileReference; lastKnownFileType = sourcecode.swift; path = WordTableViewCell.swift; sourceTree = "<group>"; };
		022867FF271B096D00B064FF /* UsedWordViewController.swift */ = {isa = PBXFileReference; lastKnownFileType = sourcecode.swift; path = UsedWordViewController.swift; sourceTree = "<group>"; };
		02286802271B19CD00B064FF /* RuleView.swift */ = {isa = PBXFileReference; lastKnownFileType = sourcecode.swift; path = RuleView.swift; sourceTree = "<group>"; };
		02286806271B280700B064FF /* MyWordView.swift */ = {isa = PBXFileReference; lastKnownFileType = sourcecode.swift; path = MyWordView.swift; sourceTree = "<group>"; };
		02286809271B291600B064FF /* MyWordTableViewCell.swift */ = {isa = PBXFileReference; lastKnownFileType = sourcecode.swift; path = MyWordTableViewCell.swift; sourceTree = "<group>"; };
		02323FF3271BC29B00333C7C /* WordDetailView.swift */ = {isa = PBXFileReference; lastKnownFileType = sourcecode.swift; path = WordDetailView.swift; sourceTree = "<group>"; };
		02323FF7271BC5EE00333C7C /* BodyScrollView.swift */ = {isa = PBXFileReference; lastKnownFileType = sourcecode.swift; path = BodyScrollView.swift; sourceTree = "<group>"; };
		02323FFB271BF30300333C7C /* RankingView.swift */ = {isa = PBXFileReference; lastKnownFileType = sourcecode.swift; path = RankingView.swift; sourceTree = "<group>"; };
		02323FFE271BF78D00333C7C /* ModeSelectViewController.swift */ = {isa = PBXFileReference; lastKnownFileType = sourcecode.swift; path = ModeSelectViewController.swift; sourceTree = "<group>"; };
		02324000271BF7B200333C7C /* GameViewController.swift */ = {isa = PBXFileReference; lastKnownFileType = sourcecode.swift; path = GameViewController.swift; sourceTree = "<group>"; };
		02324002271BF7C200333C7C /* ResultViewController.swift */ = {isa = PBXFileReference; lastKnownFileType = sourcecode.swift; path = ResultViewController.swift; sourceTree = "<group>"; };
		02324004271BF83300333C7C /* RuleViewController.swift */ = {isa = PBXFileReference; lastKnownFileType = sourcecode.swift; path = RuleViewController.swift; sourceTree = "<group>"; };
		02324006271BF84000333C7C /* MyWordViewController.swift */ = {isa = PBXFileReference; lastKnownFileType = sourcecode.swift; path = MyWordViewController.swift; sourceTree = "<group>"; };
		02324008271BF85000333C7C /* WordDetailViewController.swift */ = {isa = PBXFileReference; lastKnownFileType = sourcecode.swift; path = WordDetailViewController.swift; sourceTree = "<group>"; };
		0232400A271BF86100333C7C /* RankingViewController.swift */ = {isa = PBXFileReference; lastKnownFileType = sourcecode.swift; path = RankingViewController.swift; sourceTree = "<group>"; };
		0232400C271C002400333C7C /* ResultButtonView.swift */ = {isa = PBXFileReference; lastKnownFileType = sourcecode.swift; path = ResultButtonView.swift; sourceTree = "<group>"; };
		0232400E271C1B7000333C7C /* UIViewController.swift */ = {isa = PBXFileReference; lastKnownFileType = sourcecode.swift; path = UIViewController.swift; sourceTree = "<group>"; };
		02500B982714762D00F3B7E8 /* Constants.swift */ = {isa = PBXFileReference; lastKnownFileType = sourcecode.swift; path = Constants.swift; sourceTree = "<group>"; };
		02500B9A27147E6F00F3B7E8 /* UIStackView.swift */ = {isa = PBXFileReference; lastKnownFileType = sourcecode.swift; path = UIStackView.swift; sourceTree = "<group>"; };
		025AE9F92680F3260039DF56 /* DotGothic16-Regular.ttf */ = {isa = PBXFileReference; lastKnownFileType = file; path = "DotGothic16-Regular.ttf"; sourceTree = "<group>"; };
		025EF86D26A7703800C6F9C7 /* ejdict.sqlite3 */ = {isa = PBXFileReference; lastKnownFileType = file; path = ejdict.sqlite3; sourceTree = "<group>"; };
		026923672723C0B30085341E /* UIImageView.swift */ = {isa = PBXFileReference; lastKnownFileType = sourcecode.swift; path = UIImageView.swift; sourceTree = "<group>"; };
		026923692723E8C10085341E /* SoundPlayer.swift */ = {isa = PBXFileReference; lastKnownFileType = sourcecode.swift; path = SoundPlayer.swift; sourceTree = "<group>"; };
		0269236B2723ECA90085341E /* HomeViewPresenter.swift */ = {isa = PBXFileReference; lastKnownFileType = sourcecode.swift; path = HomeViewPresenter.swift; sourceTree = "<group>"; };
		02818B2026876983000A40C2 /* damage.mp3 */ = {isa = PBXFileReference; lastKnownFileType = audio.mp3; path = damage.mp3; sourceTree = "<group>"; };
		02818B2226876D2E000A40C2 /* heal.mp3 */ = {isa = PBXFileReference; lastKnownFileType = audio.mp3; path = heal.mp3; sourceTree = "<group>"; };
		02818B2426876D47000A40C2 /* opening.mp3 */ = {isa = PBXFileReference; lastKnownFileType = audio.mp3; path = opening.mp3; sourceTree = "<group>"; };
		02818B2526876D47000A40C2 /* battle.mp3 */ = {isa = PBXFileReference; lastKnownFileType = audio.mp3; path = battle.mp3; sourceTree = "<group>"; };
		02818B2626876D47000A40C2 /* push.mp3 */ = {isa = PBXFileReference; lastKnownFileType = audio.mp3; path = push.mp3; sourceTree = "<group>"; };
		02835577263F9306008B6845 /* Shiritori.app */ = {isa = PBXFileReference; explicitFileType = wrapper.application; includeInIndex = 0; path = Shiritori.app; sourceTree = BUILT_PRODUCTS_DIR; };
		0283557A263F9306008B6845 /* AppDelegate.swift */ = {isa = PBXFileReference; lastKnownFileType = sourcecode.swift; path = AppDelegate.swift; sourceTree = "<group>"; };
		0283557C263F9306008B6845 /* SceneDelegate.swift */ = {isa = PBXFileReference; lastKnownFileType = sourcecode.swift; path = SceneDelegate.swift; sourceTree = "<group>"; };
		02835583263F9307008B6845 /* Assets.xcassets */ = {isa = PBXFileReference; lastKnownFileType = folder.assetcatalog; path = Assets.xcassets; sourceTree = "<group>"; };
		02835586263F9307008B6845 /* Base */ = {isa = PBXFileReference; lastKnownFileType = file.storyboard; name = Base; path = Base.lproj/LaunchScreen.storyboard; sourceTree = "<group>"; };
		02835588263F9307008B6845 /* Info.plist */ = {isa = PBXFileReference; lastKnownFileType = text.plist.xml; path = Info.plist; sourceTree = "<group>"; };
		029A763B2715D96C000EA6B4 /* ModeSelectView.swift */ = {isa = PBXFileReference; lastKnownFileType = sourcecode.swift; path = ModeSelectView.swift; sourceTree = "<group>"; };
		029A763D2715DB22000EA6B4 /* ModeButtonView.swift */ = {isa = PBXFileReference; lastKnownFileType = sourcecode.swift; path = ModeButtonView.swift; sourceTree = "<group>"; };
		029A763F2715DC92000EA6B4 /* ModeButton.swift */ = {isa = PBXFileReference; lastKnownFileType = sourcecode.swift; path = ModeButton.swift; sourceTree = "<group>"; };
		02C1416F271823FB00A2868E /* GameView.swift */ = {isa = PBXFileReference; lastKnownFileType = sourcecode.swift; path = GameView.swift; sourceTree = "<group>"; };
		02C14173271826C400A2868E /* HPView.swift */ = {isa = PBXFileReference; lastKnownFileType = sourcecode.swift; path = HPView.swift; sourceTree = "<group>"; };
		02C14175271826D200A2868E /* EnemyView.swift */ = {isa = PBXFileReference; lastKnownFileType = sourcecode.swift; path = EnemyView.swift; sourceTree = "<group>"; };
		02C141772718287500A2868E /* InputView.swift */ = {isa = PBXFileReference; lastKnownFileType = sourcecode.swift; path = InputView.swift; sourceTree = "<group>"; };
		02C1417A27182F2300A2868E /* Background.swift */ = {isa = PBXFileReference; lastKnownFileType = sourcecode.swift; path = Background.swift; sourceTree = "<group>"; };
		02C1417C2718655A00A2868E /* BackButton.swift */ = {isa = PBXFileReference; lastKnownFileType = sourcecode.swift; path = BackButton.swift; sourceTree = "<group>"; };
		02C7C2DF2720FE5400FDFE1A /* WordDataManager.swift */ = {isa = PBXFileReference; lastKnownFileType = sourcecode.swift; path = WordDataManager.swift; sourceTree = "<group>"; };
		02C7C2E127212DAA00FDFE1A /* UsedWordViewPresenter.swift */ = {isa = PBXFileReference; lastKnownFileType = sourcecode.swift; path = UsedWordViewPresenter.swift; sourceTree = "<group>"; };
		02F222412712CE3700A71175 /* HomeViewController.swift */ = {isa = PBXFileReference; lastKnownFileType = sourcecode.swift; path = HomeViewController.swift; sourceTree = "<group>"; };
		02F222442712D03A00A71175 /* UIView.swift */ = {isa = PBXFileReference; lastKnownFileType = sourcecode.swift; path = UIView.swift; sourceTree = "<group>"; };
		02F222462712D10B00A71175 /* HomeView.swift */ = {isa = PBXFileReference; lastKnownFileType = sourcecode.swift; path = HomeView.swift; sourceTree = "<group>"; };
		02F222492712D43000A71175 /* HomeTitleView.swift */ = {isa = PBXFileReference; lastKnownFileType = sourcecode.swift; path = HomeTitleView.swift; sourceTree = "<group>"; };
		02F2224B2712D45300A71175 /* HomeButtonView.swift */ = {isa = PBXFileReference; lastKnownFileType = sourcecode.swift; path = HomeButtonView.swift; sourceTree = "<group>"; };
		02F2224D2712D48C00A71175 /* BottomButtonView.swift */ = {isa = PBXFileReference; lastKnownFileType = sourcecode.swift; path = BottomButtonView.swift; sourceTree = "<group>"; };
		02F82A1E2719BEB1005F3F28 /* ResultView.swift */ = {isa = PBXFileReference; lastKnownFileType = sourcecode.swift; path = ResultView.swift; sourceTree = "<group>"; };
		02F82A202719BF7C005F3F28 /* ResultTitleView.swift */ = {isa = PBXFileReference; lastKnownFileType = sourcecode.swift; path = ResultTitleView.swift; sourceTree = "<group>"; };
		02F82A222719C7B8005F3F28 /* ResultImageView.swift */ = {isa = PBXFileReference; lastKnownFileType = sourcecode.swift; path = ResultImageView.swift; sourceTree = "<group>"; };
		02F82A242719CBA7005F3F28 /* SelectButton.swift */ = {isa = PBXFileReference; lastKnownFileType = sourcecode.swift; path = SelectButton.swift; sourceTree = "<group>"; };
		02FA25FC268B56DC00118BD8 /* lose.mp3 */ = {isa = PBXFileReference; lastKnownFileType = audio.mp3; path = lose.mp3; sourceTree = "<group>"; };
		02FA25FD268B56DC00118BD8 /* win.mp3 */ = {isa = PBXFileReference; lastKnownFileType = audio.mp3; path = win.mp3; sourceTree = "<group>"; };
		07A5CE68BF732CF191580B18 /* Pods-Shiritori.debug.xcconfig */ = {isa = PBXFileReference; includeInIndex = 1; lastKnownFileType = text.xcconfig; name = "Pods-Shiritori.debug.xcconfig"; path = "Target Support Files/Pods-Shiritori/Pods-Shiritori.debug.xcconfig"; sourceTree = "<group>"; };
		3B8F9BAFA2562C49D283D1EB /* Pods-Shiritori.release.xcconfig */ = {isa = PBXFileReference; includeInIndex = 1; lastKnownFileType = text.xcconfig; name = "Pods-Shiritori.release.xcconfig"; path = "Target Support Files/Pods-Shiritori/Pods-Shiritori.release.xcconfig"; sourceTree = "<group>"; };
		6A1A81E1F247FC4145C458E7 /* Pods_Shiritori.framework */ = {isa = PBXFileReference; explicitFileType = wrapper.framework; includeInIndex = 0; path = Pods_Shiritori.framework; sourceTree = BUILT_PRODUCTS_DIR; };
/* End PBXFileReference section */

/* Begin PBXFrameworksBuildPhase section */
		02835574263F9306008B6845 /* Frameworks */ = {
			isa = PBXFrameworksBuildPhase;
			buildActionMask = 2147483647;
			files = (
				7AEEF2D0913785061BEBFE39 /* Pods_Shiritori.framework in Frameworks */,
			);
			runOnlyForDeploymentPostprocessing = 0;
		};
/* End PBXFrameworksBuildPhase section */

/* Begin PBXGroup section */
		0227AAD3271E5A57000C66FA /* Models */ = {
			isa = PBXGroup;
			children = (
				0227AAD4271E5A7A000C66FA /* DictDataManager.swift */,
				02C7C2DF2720FE5400FDFE1A /* WordDataManager.swift */,
				0227AAD6271EF28D000C66FA /* TimeManager.swift */,
				0227AADD27201342000C66FA /* GameModel.swift */,
				0227AADF272055D9000C66FA /* EnemyModel.swift */,
				026923692723E8C10085341E /* SoundPlayer.swift */,
			);
			path = Models;
			sourceTree = "<group>";
		};
		0227AAD8271EF808000C66FA /* Presenters */ = {
			isa = PBXGroup;
			children = (
				0227AAD9271EF822000C66FA /* GameViewPresenter.swift */,
				02C7C2E127212DAA00FDFE1A /* UsedWordViewPresenter.swift */,
				020AC84C27224C68000561C5 /* ResultViewPresenter.swift */,
				020AC84E27225408000561C5 /* MyWordViewPresenter.swift */,
				0269236B2723ECA90085341E /* HomeViewPresenter.swift */,
			);
			path = Presenters;
			sourceTree = "<group>";
		};
		022867F2271A8AE700B064FF /* UsedWord */ = {
			isa = PBXGroup;
			children = (
				022867F3271A8B3400B064FF /* UsedWordView.swift */,
				022867F9271A8C8D00B064FF /* WordTableViewCell.swift */,
			);
			path = UsedWord;
			sourceTree = "<group>";
		};
		02286801271B19AD00B064FF /* Rule */ = {
			isa = PBXGroup;
			children = (
				02286802271B19CD00B064FF /* RuleView.swift */,
			);
			path = Rule;
			sourceTree = "<group>";
		};
		02286808271B280E00B064FF /* MyWord */ = {
			isa = PBXGroup;
			children = (
				02286806271B280700B064FF /* MyWordView.swift */,
				02286809271B291600B064FF /* MyWordTableViewCell.swift */,
			);
			path = MyWord;
			sourceTree = "<group>";
		};
		02323FF2271BC27300333C7C /* WordDetail */ = {
			isa = PBXGroup;
			children = (
				02323FF3271BC29B00333C7C /* WordDetailView.swift */,
			);
			path = WordDetail;
			sourceTree = "<group>";
		};
		02323FFA271BF2E900333C7C /* Ranking */ = {
			isa = PBXGroup;
			children = (
				02323FFB271BF30300333C7C /* RankingView.swift */,
			);
			path = Ranking;
			sourceTree = "<group>";
		};
		02323FFD271BF73100333C7C /* ViewControllers */ = {
			isa = PBXGroup;
			children = (
				02F222412712CE3700A71175 /* HomeViewController.swift */,
				02323FFE271BF78D00333C7C /* ModeSelectViewController.swift */,
				02324000271BF7B200333C7C /* GameViewController.swift */,
				02324002271BF7C200333C7C /* ResultViewController.swift */,
				022867FF271B096D00B064FF /* UsedWordViewController.swift */,
				02324004271BF83300333C7C /* RuleViewController.swift */,
				02324006271BF84000333C7C /* MyWordViewController.swift */,
				02324008271BF85000333C7C /* WordDetailViewController.swift */,
				0232400A271BF86100333C7C /* RankingViewController.swift */,
			);
			path = ViewControllers;
			sourceTree = "<group>";
		};
		025AE9F82680F30E0039DF56 /* fonts */ = {
			isa = PBXGroup;
			children = (
				025AE9F92680F3260039DF56 /* DotGothic16-Regular.ttf */,
			);
			path = fonts;
			sourceTree = "<group>";
		};
		025EF86C26A76F8F00C6F9C7 /* Data */ = {
			isa = PBXGroup;
			children = (
				025EF86D26A7703800C6F9C7 /* ejdict.sqlite3 */,
			);
			path = Data;
			sourceTree = "<group>";
		};
		02818B1F2687695A000A40C2 /* Sounds */ = {
			isa = PBXGroup;
			children = (
				021C3CD5269994DC001BAADF /* HARD0.mp3 */,
				021C3CD6269994DC001BAADF /* HARD1.mp3 */,
				021C3CD126999470001BAADF /* NORMAL0.mp3 */,
				021C3CD226999470001BAADF /* NORMAL1.mp3 */,
				021C3CCF26999379001BAADF /* EASY1.mp3 */,
				021C3CCD269992CD001BAADF /* EASY0.mp3 */,
				02FA25FC268B56DC00118BD8 /* lose.mp3 */,
				02FA25FD268B56DC00118BD8 /* win.mp3 */,
				02818B2526876D47000A40C2 /* battle.mp3 */,
				02818B2426876D47000A40C2 /* opening.mp3 */,
				02818B2626876D47000A40C2 /* push.mp3 */,
				02818B2226876D2E000A40C2 /* heal.mp3 */,
				02818B2026876983000A40C2 /* damage.mp3 */,
			);
			path = Sounds;
			sourceTree = "<group>";
		};
		0283556E263F9306008B6845 = {
			isa = PBXGroup;
			children = (
				02835579263F9306008B6845 /* Shiritori */,
				02835578263F9306008B6845 /* Products */,
				ACD21EEBDACDD946BD2D8B6A /* Pods */,
				E6208DEB36767BD586E43253 /* Frameworks */,
			);
			sourceTree = "<group>";
		};
		02835578263F9306008B6845 /* Products */ = {
			isa = PBXGroup;
			children = (
				02835577263F9306008B6845 /* Shiritori.app */,
			);
			name = Products;
			sourceTree = "<group>";
		};
		02835579263F9306008B6845 /* Shiritori */ = {
			isa = PBXGroup;
			children = (
				02FAB44726FE023F00224779 /* System Files */,
				02818B1F2687695A000A40C2 /* Sounds */,
				025AE9F82680F30E0039DF56 /* fonts */,
				025EF86C26A76F8F00C6F9C7 /* Data */,
				0227AAD3271E5A57000C66FA /* Models */,
				02835590263F9380008B6845 /* Views */,
				02323FFD271BF73100333C7C /* ViewControllers */,
				0227AAD8271EF808000C66FA /* Presenters */,
				02F222432712D01300A71175 /* Extensions */,
				02835583263F9307008B6845 /* Assets.xcassets */,
				02500B982714762D00F3B7E8 /* Constants.swift */,
				02835588263F9307008B6845 /* Info.plist */,
				02835585263F9307008B6845 /* LaunchScreen.storyboard */,
			);
			path = Shiritori;
			sourceTree = "<group>";
		};
		02835590263F9380008B6845 /* Views */ = {
			isa = PBXGroup;
			children = (
				02C1417927182EDF00A2868E /* Common */,
				02F222482712D11500A71175 /* Home */,
				029A763A2715D945000EA6B4 /* ModeSelect */,
				02C1416E271823DF00A2868E /* Game */,
				02F82A1D2719BE8C005F3F28 /* Result */,
				022867F2271A8AE700B064FF /* UsedWord */,
				02286801271B19AD00B064FF /* Rule */,
				02286808271B280E00B064FF /* MyWord */,
				02323FF2271BC27300333C7C /* WordDetail */,
				02323FFA271BF2E900333C7C /* Ranking */,
			);
			path = Views;
			sourceTree = "<group>";
		};
		029A763A2715D945000EA6B4 /* ModeSelect */ = {
			isa = PBXGroup;
			children = (
				029A763B2715D96C000EA6B4 /* ModeSelectView.swift */,
				029A763D2715DB22000EA6B4 /* ModeButtonView.swift */,
				029A763F2715DC92000EA6B4 /* ModeButton.swift */,
			);
			path = ModeSelect;
			sourceTree = "<group>";
		};
		02C1416E271823DF00A2868E /* Game */ = {
			isa = PBXGroup;
			children = (
				02C1416F271823FB00A2868E /* GameView.swift */,
				02C14175271826D200A2868E /* EnemyView.swift */,
				02C14173271826C400A2868E /* HPView.swift */,
				02C141772718287500A2868E /* InputView.swift */,
			);
			path = Game;
			sourceTree = "<group>";
		};
		02C1417927182EDF00A2868E /* Common */ = {
			isa = PBXGroup;
			children = (
				02C1417A27182F2300A2868E /* Background.swift */,
				02C1417C2718655A00A2868E /* BackButton.swift */,
				02F82A242719CBA7005F3F28 /* SelectButton.swift */,
				022867F7271A8BE500B064FF /* HeaderView.swift */,
				02323FF7271BC5EE00333C7C /* BodyScrollView.swift */,
			);
			path = Common;
			sourceTree = "<group>";
		};
		02F222432712D01300A71175 /* Extensions */ = {
			isa = PBXGroup;
			children = (
				02F222442712D03A00A71175 /* UIView.swift */,
				02500B9A27147E6F00F3B7E8 /* UIStackView.swift */,
				0232400E271C1B7000333C7C /* UIViewController.swift */,
				0227AADB271FEE33000C66FA /* String.swift */,
				026923672723C0B30085341E /* UIImageView.swift */,
			);
			path = Extensions;
			sourceTree = "<group>";
		};
		02F222482712D11500A71175 /* Home */ = {
			isa = PBXGroup;
			children = (
				02F222462712D10B00A71175 /* HomeView.swift */,
				02F222492712D43000A71175 /* HomeTitleView.swift */,
				02F2224B2712D45300A71175 /* HomeButtonView.swift */,
				02F2224D2712D48C00A71175 /* BottomButtonView.swift */,
			);
			path = Home;
			sourceTree = "<group>";
		};
		02F82A1D2719BE8C005F3F28 /* Result */ = {
			isa = PBXGroup;
			children = (
				02F82A1E2719BEB1005F3F28 /* ResultView.swift */,
				02F82A202719BF7C005F3F28 /* ResultTitleView.swift */,
				02F82A222719C7B8005F3F28 /* ResultImageView.swift */,
				0232400C271C002400333C7C /* ResultButtonView.swift */,
			);
			path = Result;
			sourceTree = "<group>";
		};
		02FAB44726FE023F00224779 /* System Files */ = {
			isa = PBXGroup;
			children = (
				0283557A263F9306008B6845 /* AppDelegate.swift */,
				0283557C263F9306008B6845 /* SceneDelegate.swift */,
			);
			path = "System Files";
			sourceTree = "<group>";
		};
		ACD21EEBDACDD946BD2D8B6A /* Pods */ = {
			isa = PBXGroup;
			children = (
				07A5CE68BF732CF191580B18 /* Pods-Shiritori.debug.xcconfig */,
				3B8F9BAFA2562C49D283D1EB /* Pods-Shiritori.release.xcconfig */,
			);
			path = Pods;
			sourceTree = "<group>";
		};
		E6208DEB36767BD586E43253 /* Frameworks */ = {
			isa = PBXGroup;
			children = (
				6A1A81E1F247FC4145C458E7 /* Pods_Shiritori.framework */,
			);
			name = Frameworks;
			sourceTree = "<group>";
		};
/* End PBXGroup section */

/* Begin PBXNativeTarget section */
		02835576263F9306008B6845 /* Shiritori */ = {
			isa = PBXNativeTarget;
			buildConfigurationList = 0283558B263F9307008B6845 /* Build configuration list for PBXNativeTarget "Shiritori" */;
			buildPhases = (
				AFC518EB3ED275389FDCD391 /* [CP] Check Pods Manifest.lock */,
				02835573263F9306008B6845 /* Sources */,
				02835574263F9306008B6845 /* Frameworks */,
				02835575263F9306008B6845 /* Resources */,
				02FCDF1726B197800091E817 /* SwiftLint */,
				F43B0E3102999DE3F14333CB /* [CP] Embed Pods Frameworks */,
			);
			buildRules = (
			);
			dependencies = (
			);
			name = Shiritori;
			productName = Shiritori;
			productReference = 02835577263F9306008B6845 /* Shiritori.app */;
			productType = "com.apple.product-type.application";
		};
/* End PBXNativeTarget section */

/* Begin PBXProject section */
		0283556F263F9306008B6845 /* Project object */ = {
			isa = PBXProject;
			attributes = {
				KnownAssetTags = (
					easy,
					normal,
				);
				LastSwiftUpdateCheck = 1250;
				LastUpgradeCheck = 1250;
				TargetAttributes = {
					02835576263F9306008B6845 = {
						CreatedOnToolsVersion = 12.5;
					};
				};
			};
			buildConfigurationList = 02835572263F9306008B6845 /* Build configuration list for PBXProject "Shiritori" */;
			compatibilityVersion = "Xcode 9.3";
			developmentRegion = en;
			hasScannedForEncodings = 0;
			knownRegions = (
				en,
				Base,
			);
			mainGroup = 0283556E263F9306008B6845;
			productRefGroup = 02835578263F9306008B6845 /* Products */;
			projectDirPath = "";
			projectRoot = "";
			targets = (
				02835576263F9306008B6845 /* Shiritori */,
			);
		};
/* End PBXProject section */

/* Begin PBXResourcesBuildPhase section */
		02835575263F9306008B6845 /* Resources */ = {
			isa = PBXResourcesBuildPhase;
			buildActionMask = 2147483647;
			files = (
				025EF86E26A7703800C6F9C7 /* ejdict.sqlite3 in Resources */,
				02818B2126876983000A40C2 /* damage.mp3 in Resources */,
				021C3CD7269994DC001BAADF /* HARD0.mp3 in Resources */,
				02818B2926876D48000A40C2 /* push.mp3 in Resources */,
				02818B2326876D2E000A40C2 /* heal.mp3 in Resources */,
				02818B2826876D48000A40C2 /* battle.mp3 in Resources */,
				02835587263F9307008B6845 /* LaunchScreen.storyboard in Resources */,
				02835584263F9307008B6845 /* Assets.xcassets in Resources */,
				02FA25FF268B56DC00118BD8 /* win.mp3 in Resources */,
				021C3CD02699937A001BAADF /* EASY1.mp3 in Resources */,
				021C3CD426999470001BAADF /* NORMAL1.mp3 in Resources */,
				025AE9FB2680F3270039DF56 /* DotGothic16-Regular.ttf in Resources */,
				021C3CD8269994DC001BAADF /* HARD1.mp3 in Resources */,
				021C3CCE269992CD001BAADF /* EASY0.mp3 in Resources */,
				02818B2726876D48000A40C2 /* opening.mp3 in Resources */,
				021C3CD326999470001BAADF /* NORMAL0.mp3 in Resources */,
				02FA25FE268B56DC00118BD8 /* lose.mp3 in Resources */,
			);
			runOnlyForDeploymentPostprocessing = 0;
		};
/* End PBXResourcesBuildPhase section */

/* Begin PBXShellScriptBuildPhase section */
		02FCDF1726B197800091E817 /* SwiftLint */ = {
			isa = PBXShellScriptBuildPhase;
			buildActionMask = 2147483647;
			files = (
			);
			inputFileListPaths = (
			);
			inputPaths = (
			);
			name = SwiftLint;
			outputFileListPaths = (
			);
			outputPaths = (
			);
			runOnlyForDeploymentPostprocessing = 0;
			shellPath = /bin/sh;
			shellScript = "\"${PODS_ROOT}/SwiftLint/swiftlint\"\n";
		};
		AFC518EB3ED275389FDCD391 /* [CP] Check Pods Manifest.lock */ = {
			isa = PBXShellScriptBuildPhase;
			buildActionMask = 2147483647;
			files = (
			);
			inputFileListPaths = (
			);
			inputPaths = (
				"${PODS_PODFILE_DIR_PATH}/Podfile.lock",
				"${PODS_ROOT}/Manifest.lock",
			);
			name = "[CP] Check Pods Manifest.lock";
			outputFileListPaths = (
			);
			outputPaths = (
				"$(DERIVED_FILE_DIR)/Pods-Shiritori-checkManifestLockResult.txt",
			);
			runOnlyForDeploymentPostprocessing = 0;
			shellPath = /bin/sh;
			shellScript = "diff \"${PODS_PODFILE_DIR_PATH}/Podfile.lock\" \"${PODS_ROOT}/Manifest.lock\" > /dev/null\nif [ $? != 0 ] ; then\n    # print error to STDERR\n    echo \"error: The sandbox is not in sync with the Podfile.lock. Run 'pod install' or update your CocoaPods installation.\" >&2\n    exit 1\nfi\n# This output is used by Xcode 'outputs' to avoid re-running this script phase.\necho \"SUCCESS\" > \"${SCRIPT_OUTPUT_FILE_0}\"\n";
			showEnvVarsInLog = 0;
		};
		F43B0E3102999DE3F14333CB /* [CP] Embed Pods Frameworks */ = {
			isa = PBXShellScriptBuildPhase;
			buildActionMask = 2147483647;
			files = (
			);
			inputFileListPaths = (
				"${PODS_ROOT}/Target Support Files/Pods-Shiritori/Pods-Shiritori-frameworks-${CONFIGURATION}-input-files.xcfilelist",
			);
			name = "[CP] Embed Pods Frameworks";
			outputFileListPaths = (
				"${PODS_ROOT}/Target Support Files/Pods-Shiritori/Pods-Shiritori-frameworks-${CONFIGURATION}-output-files.xcfilelist",
			);
			runOnlyForDeploymentPostprocessing = 0;
			shellPath = /bin/sh;
			shellScript = "\"${PODS_ROOT}/Target Support Files/Pods-Shiritori/Pods-Shiritori-frameworks.sh\"\n";
			showEnvVarsInLog = 0;
		};
/* End PBXShellScriptBuildPhase section */

/* Begin PBXSourcesBuildPhase section */
		02835573263F9306008B6845 /* Sources */ = {
			isa = PBXSourcesBuildPhase;
			buildActionMask = 2147483647;
			files = (
				02F2224E2712D48C00A71175 /* BottomButtonView.swift in Sources */,
				029A76402715DC92000EA6B4 /* ModeButton.swift in Sources */,
				0283557B263F9306008B6845 /* AppDelegate.swift in Sources */,
				022867FA271A8C8D00B064FF /* WordTableViewCell.swift in Sources */,
				02286807271B280700B064FF /* MyWordView.swift in Sources */,
				02C7C2E227212DAA00FDFE1A /* UsedWordViewPresenter.swift in Sources */,
				02F222472712D10B00A71175 /* HomeView.swift in Sources */,
				02500B992714762D00F3B7E8 /* Constants.swift in Sources */,
				0232400D271C002400333C7C /* ResultButtonView.swift in Sources */,
				02500B9B27147E6F00F3B7E8 /* UIStackView.swift in Sources */,
				0283557D263F9306008B6845 /* SceneDelegate.swift in Sources */,
				02286803271B19CD00B064FF /* RuleView.swift in Sources */,
				020AC84F27225408000561C5 /* MyWordViewPresenter.swift in Sources */,
				0232400F271C1B7000333C7C /* UIViewController.swift in Sources */,
				02C1417D2718655A00A2868E /* BackButton.swift in Sources */,
				02324005271BF83300333C7C /* RuleViewController.swift in Sources */,
				02C1417B27182F2300A2868E /* Background.swift in Sources */,
				02F222422712CE3700A71175 /* HomeViewController.swift in Sources */,
				029A763E2715DB22000EA6B4 /* ModeButtonView.swift in Sources */,
				02F82A212719BF7C005F3F28 /* ResultTitleView.swift in Sources */,
				02F2224A2712D43000A71175 /* HomeTitleView.swift in Sources */,
				02324009271BF85000333C7C /* WordDetailViewController.swift in Sources */,
				0269236A2723E8C10085341E /* SoundPlayer.swift in Sources */,
				0227AADE27201342000C66FA /* GameModel.swift in Sources */,
				02C14174271826C400A2868E /* HPView.swift in Sources */,
				02F82A252719CBA7005F3F28 /* SelectButton.swift in Sources */,
				02324001271BF7B200333C7C /* GameViewController.swift in Sources */,
				0227AADA271EF822000C66FA /* GameViewPresenter.swift in Sources */,
				022867F4271A8B3400B064FF /* UsedWordView.swift in Sources */,
				0227AADC271FEE33000C66FA /* String.swift in Sources */,
				02323FF8271BC5EE00333C7C /* BodyScrollView.swift in Sources */,
				0228680A271B291600B064FF /* MyWordTableViewCell.swift in Sources */,
				02C7C2E02720FE5400FDFE1A /* WordDataManager.swift in Sources */,
				020AC84D27224C68000561C5 /* ResultViewPresenter.swift in Sources */,
				02F222452712D03A00A71175 /* UIView.swift in Sources */,
				029A763C2715D96C000EA6B4 /* ModeSelectView.swift in Sources */,
				02C14170271823FB00A2868E /* GameView.swift in Sources */,
				0227AAD7271EF28D000C66FA /* TimeManager.swift in Sources */,
				02C14176271826D200A2868E /* EnemyView.swift in Sources */,
				0269236C2723ECA90085341E /* HomeViewPresenter.swift in Sources */,
				02323FFC271BF30300333C7C /* RankingView.swift in Sources */,
				026923682723C0B30085341E /* UIImageView.swift in Sources */,
				02F2224C2712D45300A71175 /* HomeButtonView.swift in Sources */,
				0232400B271BF86100333C7C /* RankingViewController.swift in Sources */,
				02286800271B096D00B064FF /* UsedWordViewController.swift in Sources */,
				02C141782718287500A2868E /* InputView.swift in Sources */,
				02F82A232719C7B8005F3F28 /* ResultImageView.swift in Sources */,
				02324007271BF84000333C7C /* MyWordViewController.swift in Sources */,
				02323FF4271BC29B00333C7C /* WordDetailView.swift in Sources */,
				0227AAE0272055D9000C66FA /* EnemyModel.swift in Sources */,
				022867F8271A8BE500B064FF /* HeaderView.swift in Sources */,
				02F82A1F2719BEB1005F3F28 /* ResultView.swift in Sources */,
				02323FFF271BF78D00333C7C /* ModeSelectViewController.swift in Sources */,
				0227AAD5271E5A7A000C66FA /* DictDataManager.swift in Sources */,
				02324003271BF7C200333C7C /* ResultViewController.swift in Sources */,
			);
			runOnlyForDeploymentPostprocessing = 0;
		};
/* End PBXSourcesBuildPhase section */

/* Begin PBXVariantGroup section */
		02835585263F9307008B6845 /* LaunchScreen.storyboard */ = {
			isa = PBXVariantGroup;
			children = (
				02835586263F9307008B6845 /* Base */,
			);
			name = LaunchScreen.storyboard;
			sourceTree = "<group>";
		};
/* End PBXVariantGroup section */

/* Begin XCBuildConfiguration section */
		02835589263F9307008B6845 /* Debug */ = {
			isa = XCBuildConfiguration;
			buildSettings = {
				ALWAYS_SEARCH_USER_PATHS = NO;
				CLANG_ANALYZER_NONNULL = YES;
				CLANG_ANALYZER_NUMBER_OBJECT_CONVERSION = YES_AGGRESSIVE;
				CLANG_CXX_LANGUAGE_STANDARD = "gnu++14";
				CLANG_CXX_LIBRARY = "libc++";
				CLANG_ENABLE_MODULES = YES;
				CLANG_ENABLE_OBJC_ARC = YES;
				CLANG_ENABLE_OBJC_WEAK = YES;
				CLANG_WARN_BLOCK_CAPTURE_AUTORELEASING = YES;
				CLANG_WARN_BOOL_CONVERSION = YES;
				CLANG_WARN_COMMA = YES;
				CLANG_WARN_CONSTANT_CONVERSION = YES;
				CLANG_WARN_DEPRECATED_OBJC_IMPLEMENTATIONS = YES;
				CLANG_WARN_DIRECT_OBJC_ISA_USAGE = YES_ERROR;
				CLANG_WARN_DOCUMENTATION_COMMENTS = YES;
				CLANG_WARN_EMPTY_BODY = YES;
				CLANG_WARN_ENUM_CONVERSION = YES;
				CLANG_WARN_INFINITE_RECURSION = YES;
				CLANG_WARN_INT_CONVERSION = YES;
				CLANG_WARN_NON_LITERAL_NULL_CONVERSION = YES;
				CLANG_WARN_OBJC_IMPLICIT_RETAIN_SELF = YES;
				CLANG_WARN_OBJC_LITERAL_CONVERSION = YES;
				CLANG_WARN_OBJC_ROOT_CLASS = YES_ERROR;
				CLANG_WARN_QUOTED_INCLUDE_IN_FRAMEWORK_HEADER = YES;
				CLANG_WARN_RANGE_LOOP_ANALYSIS = YES;
				CLANG_WARN_STRICT_PROTOTYPES = YES;
				CLANG_WARN_SUSPICIOUS_MOVE = YES;
				CLANG_WARN_UNGUARDED_AVAILABILITY = YES_AGGRESSIVE;
				CLANG_WARN_UNREACHABLE_CODE = YES;
				CLANG_WARN__DUPLICATE_METHOD_MATCH = YES;
				COPY_PHASE_STRIP = NO;
				DEBUG_INFORMATION_FORMAT = dwarf;
				ENABLE_STRICT_OBJC_MSGSEND = YES;
				ENABLE_TESTABILITY = YES;
				GCC_C_LANGUAGE_STANDARD = gnu11;
				GCC_DYNAMIC_NO_PIC = NO;
				GCC_NO_COMMON_BLOCKS = YES;
				GCC_OPTIMIZATION_LEVEL = 0;
				GCC_PREPROCESSOR_DEFINITIONS = (
					"DEBUG=1",
					"$(inherited)",
				);
				GCC_WARN_64_TO_32_BIT_CONVERSION = YES;
				GCC_WARN_ABOUT_RETURN_TYPE = YES_ERROR;
				GCC_WARN_UNDECLARED_SELECTOR = YES;
				GCC_WARN_UNINITIALIZED_AUTOS = YES_AGGRESSIVE;
				GCC_WARN_UNUSED_FUNCTION = YES;
				GCC_WARN_UNUSED_VARIABLE = YES;
				IPHONEOS_DEPLOYMENT_TARGET = 13.0;
				MTL_ENABLE_DEBUG_INFO = INCLUDE_SOURCE;
				MTL_FAST_MATH = YES;
				ONLY_ACTIVE_ARCH = YES;
				SDKROOT = iphoneos;
				SWIFT_ACTIVE_COMPILATION_CONDITIONS = DEBUG;
				SWIFT_OPTIMIZATION_LEVEL = "-Onone";
			};
			name = Debug;
		};
		0283558A263F9307008B6845 /* Release */ = {
			isa = XCBuildConfiguration;
			buildSettings = {
				ALWAYS_SEARCH_USER_PATHS = NO;
				CLANG_ANALYZER_NONNULL = YES;
				CLANG_ANALYZER_NUMBER_OBJECT_CONVERSION = YES_AGGRESSIVE;
				CLANG_CXX_LANGUAGE_STANDARD = "gnu++14";
				CLANG_CXX_LIBRARY = "libc++";
				CLANG_ENABLE_MODULES = YES;
				CLANG_ENABLE_OBJC_ARC = YES;
				CLANG_ENABLE_OBJC_WEAK = YES;
				CLANG_WARN_BLOCK_CAPTURE_AUTORELEASING = YES;
				CLANG_WARN_BOOL_CONVERSION = YES;
				CLANG_WARN_COMMA = YES;
				CLANG_WARN_CONSTANT_CONVERSION = YES;
				CLANG_WARN_DEPRECATED_OBJC_IMPLEMENTATIONS = YES;
				CLANG_WARN_DIRECT_OBJC_ISA_USAGE = YES_ERROR;
				CLANG_WARN_DOCUMENTATION_COMMENTS = YES;
				CLANG_WARN_EMPTY_BODY = YES;
				CLANG_WARN_ENUM_CONVERSION = YES;
				CLANG_WARN_INFINITE_RECURSION = YES;
				CLANG_WARN_INT_CONVERSION = YES;
				CLANG_WARN_NON_LITERAL_NULL_CONVERSION = YES;
				CLANG_WARN_OBJC_IMPLICIT_RETAIN_SELF = YES;
				CLANG_WARN_OBJC_LITERAL_CONVERSION = YES;
				CLANG_WARN_OBJC_ROOT_CLASS = YES_ERROR;
				CLANG_WARN_QUOTED_INCLUDE_IN_FRAMEWORK_HEADER = YES;
				CLANG_WARN_RANGE_LOOP_ANALYSIS = YES;
				CLANG_WARN_STRICT_PROTOTYPES = YES;
				CLANG_WARN_SUSPICIOUS_MOVE = YES;
				CLANG_WARN_UNGUARDED_AVAILABILITY = YES_AGGRESSIVE;
				CLANG_WARN_UNREACHABLE_CODE = YES;
				CLANG_WARN__DUPLICATE_METHOD_MATCH = YES;
				COPY_PHASE_STRIP = NO;
				DEBUG_INFORMATION_FORMAT = "dwarf-with-dsym";
				ENABLE_NS_ASSERTIONS = NO;
				ENABLE_STRICT_OBJC_MSGSEND = YES;
				GCC_C_LANGUAGE_STANDARD = gnu11;
				GCC_NO_COMMON_BLOCKS = YES;
				GCC_WARN_64_TO_32_BIT_CONVERSION = YES;
				GCC_WARN_ABOUT_RETURN_TYPE = YES_ERROR;
				GCC_WARN_UNDECLARED_SELECTOR = YES;
				GCC_WARN_UNINITIALIZED_AUTOS = YES_AGGRESSIVE;
				GCC_WARN_UNUSED_FUNCTION = YES;
				GCC_WARN_UNUSED_VARIABLE = YES;
				IPHONEOS_DEPLOYMENT_TARGET = 13.0;
				MTL_ENABLE_DEBUG_INFO = NO;
				MTL_FAST_MATH = YES;
				SDKROOT = iphoneos;
				SWIFT_COMPILATION_MODE = wholemodule;
				SWIFT_OPTIMIZATION_LEVEL = "-O";
				VALIDATE_PRODUCT = YES;
			};
			name = Release;
		};
		0283558C263F9307008B6845 /* Debug */ = {
			isa = XCBuildConfiguration;
			baseConfigurationReference = 07A5CE68BF732CF191580B18 /* Pods-Shiritori.debug.xcconfig */;
			buildSettings = {
				ASSETCATALOG_COMPILER_APPICON_NAME = AppIcon;
				ASSETCATALOG_COMPILER_GLOBAL_ACCENT_COLOR_NAME = MyColor;
				CODE_SIGN_STYLE = Automatic;
				CURRENT_PROJECT_VERSION = 2;
				DEVELOPMENT_TEAM = 922MRPX7C6;
				INFOPLIST_FILE = "$(SRCROOT)/Shiritori/Info.plist";
				LD_RUNPATH_SEARCH_PATHS = (
					"$(inherited)",
					"@executable_path/Frameworks",
				);
				PRODUCT_BUNDLE_IDENTIFIER = com.kosuke.shiritori522;
				PRODUCT_NAME = "$(TARGET_NAME)";
				SWIFT_VERSION = 5.0;
				TARGETED_DEVICE_FAMILY = 1;
			};
			name = Debug;
		};
		0283558D263F9307008B6845 /* Release */ = {
			isa = XCBuildConfiguration;
			baseConfigurationReference = 3B8F9BAFA2562C49D283D1EB /* Pods-Shiritori.release.xcconfig */;
			buildSettings = {
				ASSETCATALOG_COMPILER_APPICON_NAME = AppIcon;
				ASSETCATALOG_COMPILER_GLOBAL_ACCENT_COLOR_NAME = MyColor;
				CODE_SIGN_STYLE = Automatic;
				CURRENT_PROJECT_VERSION = 2;
				DEVELOPMENT_TEAM = 922MRPX7C6;
				INFOPLIST_FILE = "$(SRCROOT)/Shiritori/Info.plist";
				LD_RUNPATH_SEARCH_PATHS = (
					"$(inherited)",
					"@executable_path/Frameworks",
				);
				PRODUCT_BUNDLE_IDENTIFIER = com.kosuke.shiritori522;
				PRODUCT_NAME = "$(TARGET_NAME)";
				SWIFT_VERSION = 5.0;
				TARGETED_DEVICE_FAMILY = 1;
			};
			name = Release;
		};
/* End XCBuildConfiguration section */

/* Begin XCConfigurationList section */
		02835572263F9306008B6845 /* Build configuration list for PBXProject "Shiritori" */ = {
			isa = XCConfigurationList;
			buildConfigurations = (
				02835589263F9307008B6845 /* Debug */,
				0283558A263F9307008B6845 /* Release */,
			);
			defaultConfigurationIsVisible = 0;
			defaultConfigurationName = Release;
		};
		0283558B263F9307008B6845 /* Build configuration list for PBXNativeTarget "Shiritori" */ = {
			isa = XCConfigurationList;
			buildConfigurations = (
				0283558C263F9307008B6845 /* Debug */,
				0283558D263F9307008B6845 /* Release */,
			);
			defaultConfigurationIsVisible = 0;
			defaultConfigurationName = Release;
		};
/* End XCConfigurationList section */
	};
	rootObject = 0283556F263F9306008B6845 /* Project object */;
}
